# THIS IS AN AUTOGENERATED FILE. DO NOT EDIT THIS FILE DIRECTLY.
# yarn lockfile v1


tinyh@*:
  version "0.0.0"
  resolved "https://registry.yarnpkg.com/tinyh/-/tinyh-0.0.0.tgz#2d161668661096099ce3210a04ab49ae9eb82045"
  integrity sha512-S2uYHkMP5cdpxu0gJqB70nmWaZUqG00HXivH/vEOfYIn56MHHuAKtcE1FCKRUqL8r/oQaCdvyC61jQ491VoT8w==
