# THIS IS AN AUTOGENERATED FILE. DO NOT EDIT THIS FILE DIRECTLY.
# yarn lockfile v1


tiny-network@^0.0.3:
  version "0.0.3"
  resolved "https://registry.yarnpkg.com/tiny-network/-/tiny-network-0.0.3.tgz#fc0708f13c9d63442b64e413f452735bd03a159d"
  integrity sha512-m5YfnQ8oNrmxx1C5+a3iUdhIUAcmzVZxvO/2QQsk07mlZOslJhLAVc/1YfzIrPqyztjP8azo8jMYMoga6klhCw==
